# NMK16 MiSTerFPGA core — vendored dependency lock file.
#
# Fetched by tools/bootstrap.sh into gitignored destinations (see .gitignore:
# /sys/, /rtl/third_party/). Never commit the fetched trees themselves —
# only this lock file, which pins exact commits so builds are reproducible.
#
# Verified via `git ls-remote` on 2026-08-31 (two independent passes,
# consistent). Re-verify before bumping any pin.
#
# format: name|kind|git_url|ref|dest_path|license|notes
#   kind = repo   -> shallow-clone `ref` (a commit SHA) into dest_path, strip .git
#   kind = file   -> clone `source_repo` (see notes) and copy one file into dest_path

template_mister|repo|https://github.com/MiSTer-devel/Template_MiSTer.git|3ea1134cf05d62c2b1db30362277a823d739ced2|sys|GPL-2.0|Top-level MiSTer framework (hps_io, video_mixer, scandoubler, OSD, PLL/tcl scripts). Also the source for the Template.sv/.sdc/.qpf/.qsf skeleton copied once into the repo root (see tools/bootstrap.sh) — GPL-2.0-only, NOT compatible-by-default with the GPL-3.0-only components below in a combined work; flagged in docs/PLAN.md, resolve before any public release.
fx68k|repo|https://github.com/ijor/fx68k.git|0602ee4627b10f301298f2673d826cdd6baa9327|rtl/third_party/fx68k|GPL-3.0|Motorola 68000 cycle-accurate core (Jorge Cwik / ijor). Flat repo: fx68k.sv, fx68kAlu.sv, uaddrPla.sv, .mem ROMs.
t80|repo|https://github.com/MiSTer-devel/T80.git|830fd0315f0af5cdbcb0e703f1cea3ce4e91f538|rtl/third_party/t80|Permissive/BSD-style (embedded per-file headers; no repo-level LICENSE file)|Z80-compatible core, opencores.org/Daniel Wallner lineage via fpgaarcade.com/MikeJ, maintained by Sorgelig. VHDL: T80.vhd, T80_ALU.vhd, T80_MCode.vhd, T80_Pack.vhd, T80_Reg.vhd, T80s.vhd, T80pa.vhd, T80sed.vhd.
jt12|repo|https://github.com/jotego/jt12.git|3a4c423fe03f00f51ef639550c9afe393087ac4c|rtl/third_party/jt12|GPL-3.0|YM2203/OPN-family FM core (Jose Tejada). Has a nested jt49 (AY-3-8910) submodule — bootstrap must init it too.
jtopl|repo|https://github.com/jotego/jtopl.git|7ac0c819ad274e208206f2acccbbde80aa06ed1a|rtl/third_party/jtopl|GPL-3.0-or-later|YM3812/OPL2 core (Jose Tejada), used for the Family E (Raiden-sound bootlegs) + tomagic FM chip.
jt51|repo|https://github.com/jotego/jt51.git|985a573dcfc1ff135553a39f7eae21d18ba57cbe|rtl/third_party/jt51|GPL-3.0-or-later|YM2151/OPM core (Jose Tejada), used for the Afega boards' sound (Family H) on Gunnail.rbf. hdl/jt51.qip lists its files; cen = the 4 MHz chip clock, cen_p1 = cen/2.
jt6295|repo|https://github.com/jotego/jt6295.git|7d76b0be8cd8f85f3ae741178c9830b20e2071a1|rtl/third_party/jt6295|GPL-3.0-or-later|OKIM6295 ADPCM core (Jose Tejada), used everywhere in this driver.
jt680x|subdir|https://github.com/jotego/jtcores.git|3278a82b948a91c23a8d2165a5ae545a6dae8994:modules/jt680x/hdl|rtl/third_party/jt680x|GPL-3.0-or-later|jt6805, Jose Tejada's 6805 CPU core, used ONLY by tharrierb's MC68705R3 (rtl/m68705). There is no standalone jotego/jt680x repo (404) -- it is a module of the jtcores monorepo, so this is a `subdir` entry: a blob-filtered sparse depth-1 fetch of modules/jt680x/hdl, landing at rtl/third_party/jt680x/hdl. Provenance CONFIRMED 2026-09-14 against the GitHub API: 3278a82 ("cosmetic: simplified license headers", 2026-08-21) is the most recent commit touching each of the four files, and its blobs are byte-identical to the ones vendored here --
#   jt6805.v      45e4f9133e1b6252d9f71218adeece72b419a316
#   jt6805_alu.v  361e15010e7a5f7bebd1f9770478401207f7f9f8
#   jt6805_ctrl.v c0a2f4234a6bee49d721f521395c77bf99269063
#   jt6805_regs.v be85639b522b92b73d1bf02022b78a7b1c5b3068
# That commit is after jotego's own "jt6805: fixed ASR, which had wrong MSB" (910830129acc, 2024-12-04), so this copy has that fix.
# NB the microcode this core runs is NOT jotego's: rtl/m68705/6805.uc is this project's own (see README). His source for it IS upstream, at modules/jt680x/ucode/6805.yaml -- not vendored, because the `jtframe ucode` generator that consumes it is not either. Ours is verified against MAME's m6805 instead (960,794 instructions, zero mismatches; sim/rtl/m68705).
sdram|file|https://github.com/rmonic79/Arcade-Darius_MiSTer.git|HEAD:rtl/sdram.sv|rtl/sdram.sv|GPL-3.0-or-later (per file header, Copyright (c) 2018 Sorgelig)|No standalone upstream repo exists for this file — it's copy-pasted core-to-core. Seeded from this specific known-good copy, original blob e4228fb9bb0787f78e6a0f3bfcdc4399d89945c4 (re-checked 2026-09-14: that is still what upstream HEAD holds, and it matched Arcade-HeatedBarrel_MiSTer's copy too).
# *** THIS ONE IS MODIFIED AND TRACKED IN GIT, unlike every other entry here. ***
# Local blob is e94504bd4a77bff70048a18bcdf2cabf4a59c8bd. This project added a
# REFRESH_CYCLES parameter, a prio_mode port (round-robin / video-first /
# CPU-first / video-75%) and dout*_pair, which returns two words per read
# transaction. See commits 1826172, 9b54f5b, 61aa1b9, 5026368. bootstrap.sh
# skips it because the file already exists; do NOT delete it to force a
# re-fetch, that would silently revert those changes and break every core.
hiscore|repo|https://github.com/MiSTer-devel/Hiscores_MiSTer.git|31789f3b6bf61c379117f73adc879e3c9d5873ae|rtl/third_party/hiscore|GPL-3.0-or-later|MAME hiscore.dat save/load module (Alan Steremberg, Jim Gregory). MODIFIED, like rtl/sdram.sv: (2026-09-19) a dump-validation pass (SM_VALINIT..SM_VALDONE) before the restore -- each entry's first/last byte must match the config's start/end values or the dump is discarded (NMK-33 leftover files); and dpram_hs is rewritten to a template Quartus will infer as M10K. Upstream writes both ports from one always block with write-through, which at the HS_SCOREWIDTH=13 this core needs built 69,685 ALUTs of logic and would not fit; upstream cores use width 8 where that costs nothing. Also ties off hiscore_buffer's unconnected port B. Semantics unchanged. It muxes onto the core's existing game-RAM port under pause_cpu, so no extra M10K read port (NMK-10).
crt_adjust|repo|https://github.com/rmonic79/MiSTer-CRT-Adjust.git|c682de9f4acc61d8f4c7779efb48149d3baa3a8e|rtl/third_party/crt_adjust|GPL-3.0-or-later|"CRT Adjust" (Umberto Parisi / rmonic79): core-side analog CRT geometry -- crt_adjust.sv (H-Size, H-Position, V-Shift through a one-line ping-pong buffer, sync kept native) and crt_vsize.sv (V-Size, PVM line-retimer or Cabinet photometric mode, self-measuring). Only rtl/crt_adjust.sv, rtl/crt_vsize.sv, LICENSE and README.md are committed. crt_adjust.sv is unmodified. *** crt_vsize.sv IS MODIFIED (like rtl/sdram.sv and hiscore): one pipeline register (ring_q2) between the ring RAM's read mux and the Cabinet-mode square multiplier, that pipeline's phases moved one clock later, and the integer square root split from 2x4 into 4x2 compare-subtract stages (phases 7..10; needs clk/pixel >= 11 instead of >= 8) -- the 47-M10K ring's output mux plus an 8x8 multiply in one clock was -0.86 ns at 112 MHz and +0.04 ns at 96 MHz; and (2026-09-19) the ring WRITE registered (line base computed once per line, address/data/enable one clock later) because wl*LINE_PX+wpx into twelve M10K address ports was the next -0.10 ns path. See the file header. Re-apply after any upstream bump. Wired by this project's rtl/crt_chain.sv between video_retime and sys/video_mixer.sv on all four rbfs (2026-09-18), replacing the former H/V Shift sync trims. Needs clk/pixel >= 8 for the Cabinet mode, which is why the video PLLs went to 96/112 MHz.
